// !$*UTF8*$!
{
	archiveVersion = 1;
	classes = {
	};
	objectVersion = 50;
	objects = {

/* Begin PBXBuildFile section */
		9E3E1CFA220A677B003DBABC /* AppDelegate.swift in Sources */ = {isa = PBXBuildFile; fileRef = 9E3E1CF9220A677B003DBABC /* AppDelegate.swift */; };
		9E3E1CFC220A677B003DBABC /* ViewController.swift in Sources */ = {isa = PBXBuildFile; fileRef = 9E3E1CFB220A677B003DBABC /* ViewController.swift */; };
		9E3E1CFF220A677C003DBABC /* Main.storyboard in Resources */ = {isa = PBXBuildFile; fileRef = 9E3E1CFD220A677C003DBABC /* Main.storyboard */; };
		9E3E1D01220A677E003DBABC /* Assets.xcassets in Resources */ = {isa = PBXBuildFile; fileRef = 9E3E1D00220A677E003DBABC /* Assets.xcassets */; };
		9E3E1D04220A677E003DBABC /* LaunchScreen.storyboard in Resources */ = {isa = PBXBuildFile; fileRef = 9E3E1D02220A677E003DBABC /* LaunchScreen.storyboard */; };
		9E3E1D0F220A677E003DBABC /* TipsterTests.swift in Sources */ = {isa = PBXBuildFile; fileRef = 9E3E1D0E220A677E003DBABC /* TipsterTests.swift */; };
		9E3E1D1A220A677E003DBABC /* TipsterUITests.swift in Sources */ = {isa = PBXBuildFile; fileRef = 9E3E1D19220A677E003DBABC /* TipsterUITests.swift */; };
/* End PBXBuildFile section */

/* Begin PBXContainerItemProxy section */
		9E3E1D0B220A677E003DBABC /* PBXContainerItemProxy */ = {
			isa = PBXContainerItemProxy;
			containerPortal = 9E3E1CEE220A677B003DBABC /* Project object */;
			proxyType = 1;
			remoteGlobalIDString = 9E3E1CF5220A677B003DBABC;
			remoteInfo = Tipster;
		};
		9E3E1D16220A677E003DBABC /* PBXContainerItemProxy */ = {
			isa = PBXContainerItemProxy;
			containerPortal = 9E3E1CEE220A677B003DBABC /* Project object */;
			proxyType = 1;
			remoteGlobalIDString = 9E3E1CF5220A677B003DBABC;
			remoteInfo = Tipster;
		};
/* End PBXContainerItemProxy section */

/* Begin PBXFileReference section */
		9E3E1CF6220A677B003DBABC /* Tipster.app */ = {isa = PBXFileReference; explicitFileType = wrapper.application; includeInIndex = 0; path = Tipster.app; sourceTree = BUILT_PRODUCTS_DIR; };
		9E3E1CF9220A677B003DBABC /* AppDelegate.swift */ = {isa = PBXFileReference; lastKnownFileType = sourcecode.swift; path = AppDelegate.swift; sourceTree = "<group>"; };
		9E3E1CFB220A677B003DBABC /* ViewController.swift */ = {isa = PBXFileReference; lastKnownFileType = sourcecode.swift; path = ViewController.swift; sourceTree = "<group>"; };
		9E3E1CFE220A677C003DBABC /* Base */ = {isa = PBXFileReference; lastKnownFileType = file.storyboard; name = Base; path = Base.lproj/Main.storyboard; sourceTree = "<group>"; };
		9E3E1D00220A677E003DBABC /* Assets.xcassets */ = {isa = PBXFileReference; lastKnownFileType = folder.assetcatalog; path = Assets.xcassets; sourceTree = "<group>"; };
		9E3E1D03220A677E003DBABC /* Base */ = {isa = PBXFileReference; lastKnownFileType = file.storyboard; name = Base; path = Base.lproj/LaunchScreen.storyboard; sourceTree = "<group>"; };
		9E3E1D05220A677E003DBABC /* Info.plist */ = {isa = PBXFileReference; lastKnownFileType = text.plist.xml; path = Info.plist; sourceTree = "<group>"; };
		9E3E1D0A220A677E003DBABC /* TipsterTests.xctest */ = {isa = PBXFileReference; explicitFileType = wrapper.cfbundle; includeInIndex = 0; path = TipsterTests.xctest; sourceTree = BUILT_PRODUCTS_DIR; };
		9E3E1D0E220A677E003DBABC /* TipsterTests.swift */ = {isa = PBXFileReference; lastKnownFileType = sourcecode.swift; path = TipsterTests.swift; sourceTree = "<group>"; };
		9E3E1D10220A677E003DBABC /* Info.plist */ = {isa = PBXFileReference; lastKnownFileType = text.plist.xml; path = Info.plist; sourceTree = "<group>"; };
		9E3E1D15220A677E003DBABC /* TipsterUITests.xctest */ = {isa = PBXFileReference; explicitFileType = wrapper.cfbundle; includeInIndex = 0; path = TipsterUITests.xctest; sourceTree = BUILT_PRODUCTS_DIR; };
		9E3E1D19220A677E003DBABC /* TipsterUITests.swift */ = {isa = PBXFileReference; lastKnownFileType = sourcecode.swift; path = TipsterUITests.swift; sourceTree = "<group>"; };
		9E3E1D1B220A677E003DBABC /* Info.plist */ = {isa = PBXFileReference; lastKnownFileType = text.plist.xml; path = Info.plist; sourceTree = "<group>"; };
/* End PBXFileReference section */

/* Begin PBXFrameworksBuildPhase section */
		9E3E1CF3220A677B003DBABC /* Frameworks */ = {
			isa = PBXFrameworksBuildPhase;
			buildActionMask = 2147483647;
			files = (
			);
			runOnlyForDeploymentPostprocessing = 0;
		};
		9E3E1D07220A677E003DBABC /* Frameworks */ = {
			isa = PBXFrameworksBuildPhase;
			buildActionMask = 2147483647;
			files = (
			);
			runOnlyForDeploymentPostprocessing = 0;
		};
		9E3E1D12220A677E003DBABC /* Frameworks */ = {
			isa = PBXFrameworksBuildPhase;
			buildActionMask = 2147483647;
			files = (
			);
			runOnlyForDeploymentPostprocessing = 0;
		};
/* End PBXFrameworksBuildPhase section */

/* Begin PBXGroup section */
		9E3E1CED220A677B003DBABC = {
			isa = PBXGroup;
			children = (
				9E3E1CF8220A677B003DBABC /* Tipster */,
				9E3E1D0D220A677E003DBABC /* TipsterTests */,
				9E3E1D18220A677E003DBABC /* TipsterUITests */,
				9E3E1CF7220A677B003DBABC /* Products */,
			);
			sourceTree = "<group>";
		};
		9E3E1CF7220A677B003DBABC /* Products */ = {
			isa = PBXGroup;
			children = (
				9E3E1CF6220A677B003DBABC /* Tipster.app */,
				9E3E1D0A220A677E003DBABC /* TipsterTests.xctest */,
				9E3E1D15220A677E003DBABC /* TipsterUITests.xctest */,
			);
			name = Products;
			sourceTree = "<group>";
		};
		9E3E1CF8220A677B003DBABC /* Tipster */ = {
			isa = PBXGroup;
			children = (
				9E3E1CF9220A677B003DBABC /* AppDelegate.swift */,
				9E3E1CFB220A677B003DBABC /* ViewController.swift */,
				9E3E1CFD220A677C003DBABC /* Main.storyboard */,
				9E3E1D00220A677E003DBABC /* Assets.xcassets */,
				9E3E1D02220A677E003DBABC /* LaunchScreen.storyboard */,
				9E3E1D05220A677E003DBABC /* Info.plist */,
			);
			path = Tipster;
			sourceTree = "<group>";
		};
		9E3E1D0D220A677E003DBABC /* TipsterTests */ = {
			isa = PBXGroup;
			children = (
				9E3E1D0E220A677E003DBABC /* TipsterTests.swift */,
				9E3E1D10220A677E003DBABC /* Info.plist */,
			);
			path = TipsterTests;
			sourceTree = "<group>";
		};
		9E3E1D18220A677E003DBABC /* TipsterUITests */ = {
			isa = PBXGroup;
			children = (
				9E3E1D19220A677E003DBABC /* TipsterUITests.swift */,
				9E3E1D1B220A677E003DBABC /* Info.plist */,
			);
			path = TipsterUITests;
			sourceTree = "<group>";
		};
/* End PBXGroup section */

/* Begin PBXNativeTarget section */
		9E3E1CF5220A677B003DBABC /* Tipster */ = {
			isa = PBXNativeTarget;
			buildConfigurationList = 9E3E1D1E220A677E003DBABC /* Build configuration list for PBXNativeTarget "Tipster" */;
			buildPhases = (
				9E3E1CF2220A677B003DBABC /* Sources */,
				9E3E1CF3220A677B003DBABC /* Frameworks */,
				9E3E1CF4220A677B003DBABC /* Resources */,
			);
			buildRules = (
			);
			dependencies = (
			);
			name = Tipster;
			productName = Tipster;
			productReference = 9E3E1CF6220A677B003DBABC /* Tipster.app */;
			productType = "com.apple.product-type.application";
		};
		9E3E1D09220A677E003DBABC /* TipsterTests */ = {
			isa = PBXNativeTarget;
			buildConfigurationList = 9E3E1D21220A677E003DBABC /* Build configuration list for PBXNativeTarget "TipsterTests" */;
			buildPhases = (
				9E3E1D06220A677E003DBABC /* Sources */,
				9E3E1D07220A677E003DBABC /* Frameworks */,
				9E3E1D08220A677E003DBABC /* Resources */,
			);
			buildRules = (
			);
			dependencies = (
				9E3E1D0C220A677E003DBABC /* PBXTargetDependency */,
			);
			name = TipsterTests;
			productName = TipsterTests;
			productReference = 9E3E1D0A220A677E003DBABC /* TipsterTests.xctest */;
			productType = "com.apple.product-type.bundle.unit-test";
		};
		9E3E1D14220A677E003DBABC /* TipsterUITests */ = {
			isa = PBXNativeTarget;
			buildConfigurationList = 9E3E1D24220A677E003DBABC /* Build configuration list for PBXNativeTarget "TipsterUITests" */;
			buildPhases = (
				9E3E1D11220A677E003DBABC /* Sources */,
				9E3E1D12220A677E003DBABC /* Frameworks */,
				9E3E1D13220A677E003DBABC /* Resources */,
			);
			buildRules = (
			);
			dependencies = (
				9E3E1D17220A677E003DBABC /* PBXTargetDependency */,
			);
			name = TipsterUITests;
			productName = TipsterUITests;
			productReference = 9E3E1D15220A677E003DBABC /* TipsterUITests.xctest */;
			productType = "com.apple.product-type.bundle.ui-testing";
		};
/* End PBXNativeTarget section */

/* Begin PBXProject section */
		9E3E1CEE220A677B003DBABC /* Project object */ = {
			isa = PBXProject;
			attributes = {
				LastSwiftUpdateCheck = 1010;
				LastUpgradeCheck = 1010;
				ORGANIZATIONNAME = "Ricky Bernal";
				TargetAttributes = {
					9E3E1CF5220A677B003DBABC = {
						CreatedOnToolsVersion = 10.1;
					};
					9E3E1D09220A677E003DBABC = {
						CreatedOnToolsVersion = 10.1;
						TestTargetID = 9E3E1CF5220A677B003DBABC;
					};
					9E3E1D14220A677E003DBABC = {
						CreatedOnToolsVersion = 10.1;
						TestTargetID = 9E3E1CF5220A677B003DBABC;
					};
				};
			};
			buildConfigurationList = 9E3E1CF1220A677B003DBABC /* Build configuration list for PBXProject "Tipster" */;
			compatibilityVersion = "Xcode 9.3";
			developmentRegion = en;
			hasScannedForEncodings = 0;
			knownRegions = (
				en,
				Base,
			);
			mainGroup = 9E3E1CED220A677B003DBABC;
			productRefGroup = 9E3E1CF7220A677B003DBABC /* Products */;
			projectDirPath = "";
			projectRoot = "";
			targets = (
				9E3E1CF5220A677B003DBABC /* Tipster */,
				9E3E1D09220A677E003DBABC /* TipsterTests */,
				9E3E1D14220A677E003DBABC /* TipsterUITests */,
			);
		};
/* End PBXProject section */

/* Begin PBXResourcesBuildPhase section */
		9E3E1CF4220A677B003DBABC /* Resources */ = {
			isa = PBXResourcesBuildPhase;
			buildActionMask = 2147483647;
			files = (
				9E3E1D04220A677E003DBABC /* LaunchScreen.storyboard in Resources */,
				9E3E1D01220A677E003DBABC /* Assets.xcassets in Resources */,
				9E3E1CFF220A677C003DBABC /* Main.storyboard in Resources */,
			);
			runOnlyForDeploymentPostprocessing = 0;
		};
		9E3E1D08220A677E003DBABC /* Resources */ = {
			isa = PBXResourcesBuildPhase;
			buildActionMask = 2147483647;
			files = (
			);
			runOnlyForDeploymentPostprocessing = 0;
		};
		9E3E1D13220A677E003DBABC /* Resources */ = {
			isa = PBXResourcesBuildPhase;
			buildActionMask = 2147483647;
			files = (
			);
			runOnlyForDeploymentPostprocessing = 0;
		};
/* End PBXResourcesBuildPhase section */

/* Begin PBXSourcesBuildPhase section */
		9E3E1CF2220A677B003DBABC /* Sources */ = {
			isa = PBXSourcesBuildPhase;
			buildActionMask = 2147483647;
			files = (
				9E3E1CFC220A677B003DBABC /* ViewController.swift in Sources */,
				9E3E1CFA220A677B003DBABC /* AppDelegate.swift in Sources */,
			);
			runOnlyForDeploymentPostprocessing = 0;
		};
		9E3E1D06220A677E003DBABC /* Sources */ = {
			isa = PBXSourcesBuildPhase;
			buildActionMask = 2147483647;
			files = (
				9E3E1D0F220A677E003DBABC /* TipsterTests.swift in Sources */,
			);
			runOnlyForDeploymentPostprocessing = 0;
		};
		9E3E1D11220A677E003DBABC /* Sources */ = {
			isa = PBXSourcesBuildPhase;
			buildActionMask = 2147483647;
			files = (
				9E3E1D1A220A677E003DBABC /* TipsterUITests.swift in Sources */,
			);
			runOnlyForDeploymentPostprocessing = 0;
		};
/* End PBXSourcesBuildPhase section */

/* Begin PBXTargetDependency section */
		9E3E1D0C220A677E003DBABC /* PBXTargetDependency */ = {
			isa = PBXTargetDependency;
			target = 9E3E1CF5220A677B003DBABC /* Tipster */;
			targetProxy = 9E3E1D0B220A677E003DBABC /* PBXContainerItemProxy */;
		};
		9E3E1D17220A677E003DBABC /* PBXTargetDependency */ = {
			isa = PBXTargetDependency;
			target = 9E3E1CF5220A677B003DBABC /* Tipster */;
			targetProxy = 9E3E1D16220A677E003DBABC /* PBXContainerItemProxy */;
		};
/* End PBXTargetDependency section */

/* Begin PBXVariantGroup section */
		9E3E1CFD220A677C003DBABC /* Main.storyboard */ = {
			isa = PBXVariantGroup;
			children = (
				9E3E1CFE220A677C003DBABC /* Base */,
			);
			name = Main.storyboard;
			sourceTree = "<group>";
		};
		9E3E1D02220A677E003DBABC /* LaunchScreen.storyboard */ = {
			isa = PBXVariantGroup;
			children = (
				9E3E1D03220A677E003DBABC /* Base */,
			);
			name = LaunchScreen.storyboard;
			sourceTree = "<group>";
		};
/* End PBXVariantGroup section */

/* Begin XCBuildConfiguration section */
		9E3E1D1C220A677E003DBABC /* Debug */ = {
			isa = XCBuildConfiguration;
			buildSettings = {
				ALWAYS_SEARCH_USER_PATHS = NO;
				CLANG_ANALYZER_NONNULL = YES;
				CLANG_ANALYZER_NUMBER_OBJECT_CONVERSION = YES_AGGRESSIVE;
				CLANG_CXX_LANGUAGE_STANDARD = "gnu++14";
				CLANG_CXX_LIBRARY = "libc++";
				CLANG_ENABLE_MODULES = YES;
				CLANG_ENABLE_OBJC_ARC = YES;
				CLANG_ENABLE_OBJC_WEAK = YES;
				CLANG_WARN_BLOCK_CAPTURE_AUTORELEASING = YES;
				CLANG_WARN_BOOL_CONVERSION = YES;
				CLANG_WARN_COMMA = YES;
				CLANG_WARN_CONSTANT_CONVERSION = YES;
				CLANG_WARN_DEPRECATED_OBJC_IMPLEMENTATIONS = YES;
				CLANG_WARN_DIRECT_OBJC_ISA_USAGE = YES_ERROR;
				CLANG_WARN_DOCUMENTATION_COMMENTS = YES;
				CLANG_WARN_EMPTY_BODY = YES;
				CLANG_WARN_ENUM_CONVERSION = YES;
				CLANG_WARN_INFINITE_RECURSION = YES;
				CLANG_WARN_INT_CONVERSION = YES;
				CLANG_WARN_NON_LITERAL_NULL_CONVERSION = YES;
				CLANG_WARN_OBJC_IMPLICIT_RETAIN_SELF = YES;
				CLANG_WARN_OBJC_LITERAL_CONVERSION = YES;
				CLANG_WARN_OBJC_ROOT_CLASS = YES_ERROR;
				CLANG_WARN_RANGE_LOOP_ANALYSIS = YES;
				CLANG_WARN_STRICT_PROTOTYPES = YES;
				CLANG_WARN_SUSPICIOUS_MOVE = YES;
				CLANG_WARN_UNGUARDED_AVAILABILITY = YES_AGGRESSIVE;
				CLANG_WARN_UNREACHABLE_CODE = YES;
				CLANG_WARN__DUPLICATE_METHOD_MATCH = YES;
				CODE_SIGN_IDENTITY = "iPhone Developer";
				COPY_PHASE_STRIP = NO;
				DEBUG_INFORMATION_FORMAT = dwarf;
				ENABLE_STRICT_OBJC_MSGSEND = YES;
				ENABLE_TESTABILITY = YES;
				GCC_C_LANGUAGE_STANDARD = gnu11;
				GCC_DYNAMIC_NO_PIC = NO;
				GCC_NO_COMMON_BLOCKS = YES;
				GCC_OPTIMIZATION_LEVEL = 0;
				GCC_PREPROCESSOR_DEFINITIONS = (
					"DEBUG=1",
					"$(inherited)",
				);
				GCC_WARN_64_TO_32_BIT_CONVERSION = YES;
				GCC_WARN_ABOUT_RETURN_TYPE = YES_ERROR;
				GCC_WARN_UNDECLARED_SELECTOR = YES;
				GCC_WARN_UNINITIALIZED_AUTOS = YES_AGGRESSIVE;
				GCC_WARN_UNUSED_FUNCTION = YES;
				GCC_WARN_UNUSED_VARIABLE = YES;
				IPHONEOS_DEPLOYMENT_TARGET = 12.1;
				MTL_ENABLE_DEBUG_INFO = INCLUDE_SOURCE;
				MTL_FAST_MATH = YES;
				ONLY_ACTIVE_ARCH = YES;
				SDKROOT = iphoneos;
				SWIFT_ACTIVE_COMPILATION_CONDITIONS = DEBUG;
				SWIFT_OPTIMIZATION_LEVEL = "-Onone";
			};
			name = Debug;
		};
		9E3E1D1D220A677E003DBABC /* Release */ = {
			isa = XCBuildConfiguration;
			buildSettings = {
				ALWAYS_SEARCH_USER_PATHS = NO;
				CLANG_ANALYZER_NONNULL = YES;
				CLANG_ANALYZER_NUMBER_OBJECT_CONVERSION = YES_AGGRESSIVE;
				CLANG_CXX_LANGUAGE_STANDARD = "gnu++14";
				CLANG_CXX_LIBRARY = "libc++";
				CLANG_ENABLE_MODULES = YES;
				CLANG_ENABLE_OBJC_ARC = YES;
				CLANG_ENABLE_OBJC_WEAK = YES;
				CLANG_WARN_BLOCK_CAPTURE_AUTORELEASING = YES;
				CLANG_WARN_BOOL_CONVERSION = YES;
				CLANG_WARN_COMMA = YES;
				CLANG_WARN_CONSTANT_CONVERSION = YES;
				CLANG_WARN_DEPRECATED_OBJC_IMPLEMENTATIONS = YES;
				CLANG_WARN_DIRECT_OBJC_ISA_USAGE = YES_ERROR;
				CLANG_WARN_DOCUMENTATION_COMMENTS = YES;
				CLANG_WARN_EMPTY_BODY = YES;
				CLANG_WARN_ENUM_CONVERSION = YES;
				CLANG_WARN_INFINITE_RECURSION = YES;
				CLANG_WARN_INT_CONVERSION = YES;
				CLANG_WARN_NON_LITERAL_NULL_CONVERSION = YES;
				CLANG_WARN_OBJC_IMPLICIT_RETAIN_SELF = YES;
				CLANG_WARN_OBJC_LITERAL_CONVERSION = YES;
				CLANG_WARN_OBJC_ROOT_CLASS = YES_ERROR;
				CLANG_WARN_RANGE_LOOP_ANALYSIS = YES;
				CLANG_WARN_STRICT_PROTOTYPES = YES;
				CLANG_WARN_SUSPICIOUS_MOVE = YES;
				CLANG_WARN_UNGUARDED_AVAILABILITY = YES_AGGRESSIVE;
				CLANG_WARN_UNREACHABLE_CODE = YES;
				CLANG_WARN__DUPLICATE_METHOD_MATCH = YES;
				CODE_SIGN_IDENTITY = "iPhone Developer";
				COPY_PHASE_STRIP = NO;
				DEBUG_INFORMATION_FORMAT = "dwarf-with-dsym";
				ENABLE_NS_ASSERTIONS = NO;
				ENABLE_STRICT_OBJC_MSGSEND = YES;
				GCC_C_LANGUAGE_STANDARD = gnu11;
				GCC_NO_COMMON_BLOCKS = YES;
				GCC_WARN_64_TO_32_BIT_CONVERSION = YES;
				GCC_WARN_ABOUT_RETURN_TYPE = YES_ERROR;
				GCC_WARN_UNDECLARED_SELECTOR = YES;
				GCC_WARN_UNINITIALIZED_AUTOS = YES_AGGRESSIVE;
				GCC_WARN_UNUSED_FUNCTION = YES;
				GCC_WARN_UNUSED_VARIABLE = YES;
				IPHONEOS_DEPLOYMENT_TARGET = 12.1;
				MTL_ENABLE_DEBUG_INFO = NO;
				MTL_FAST_MATH = YES;
				SDKROOT = iphoneos;
				SWIFT_COMPILATION_MODE = wholemodule;
				SWIFT_OPTIMIZATION_LEVEL = "-O";
				VALIDATE_PRODUCT = YES;
			};
			name = Release;
		};
		9E3E1D1F220A677E003DBABC /* Debug */ = {
			isa = XCBuildConfiguration;
			buildSettings = {
				ASSETCATALOG_COMPILER_APPICON_NAME = AppIcon;
				CODE_SIGN_STYLE = Automatic;
				INFOPLIST_FILE = Tipster/Info.plist;
				LD_RUNPATH_SEARCH_PATHS = (
					"$(inherited)",
					"@executable_path/Frameworks",
				);
				PRODUCT_BUNDLE_IDENTIFIER = codepath.Tipster;
				PRODUCT_NAME = "$(TARGET_NAME)";
				SWIFT_VERSION = 4.2;
				TARGETED_DEVICE_FAMILY = "1,2";
			};
			name = Debug;
		};
		9E3E1D20220A677E003DBABC /* Release */ = {
			isa = XCBuildConfiguration;
			buildSettings = {
				ASSETCATALOG_COMPILER_APPICON_NAME = AppIcon;
				CODE_SIGN_STYLE = Automatic;
				INFOPLIST_FILE = Tipster/Info.plist;
				LD_RUNPATH_SEARCH_PATHS = (
					"$(inherited)",
					"@executable_path/Frameworks",
				);
				PRODUCT_BUNDLE_IDENTIFIER = codepath.Tipster;
				PRODUCT_NAME = "$(TARGET_NAME)";
				SWIFT_VERSION = 4.2;
				TARGETED_DEVICE_FAMILY = "1,2";
			};
			name = Release;
		};
		9E3E1D22220A677E003DBABC /* Debug */ = {
			isa = XCBuildConfiguration;
			buildSettings = {
				ALWAYS_EMBED_SWIFT_STANDARD_LIBRARIES = YES;
				BUNDLE_LOADER = "$(TEST_HOST)";
				CODE_SIGN_STYLE = Automatic;
				INFOPLIST_FILE = TipsterTests/Info.plist;
				LD_RUNPATH_SEARCH_PATHS = (
					"$(inherited)",
					"@executable_path/Frameworks",
					"@loader_path/Frameworks",
				);
				PRODUCT_BUNDLE_IDENTIFIER = codepath.TipsterTests;
				PRODUCT_NAME = "$(TARGET_NAME)";
				SWIFT_VERSION = 4.2;
				TARGETED_DEVICE_FAMILY = "1,2";
				TEST_HOST = "$(BUILT_PRODUCTS_DIR)/Tipster.app/Tipster";
			};
			name = Debug;
		};
		9E3E1D23220A677E003DBABC /* Release */ = {
			isa = XCBuildConfiguration;
			buildSettings = {
				ALWAYS_EMBED_SWIFT_STANDARD_LIBRARIES = YES;
				BUNDLE_LOADER = "$(TEST_HOST)";
				CODE_SIGN_STYLE = Automatic;
				INFOPLIST_FILE = TipsterTests/Info.plist;
				LD_RUNPATH_SEARCH_PATHS = (
					"$(inherited)",
					"@executable_path/Frameworks",
					"@loader_path/Frameworks",
				);
				PRODUCT_BUNDLE_IDENTIFIER = codepath.TipsterTests;
				PRODUCT_NAME = "$(TARGET_NAME)";
				SWIFT_VERSION = 4.2;
				TARGETED_DEVICE_FAMILY = "1,2";
				TEST_HOST = "$(BUILT_PRODUCTS_DIR)/Tipster.app/Tipster";
			};
			name = Release;
		};
		9E3E1D25220A677E003DBABC /* Debug */ = {
			isa = XCBuildConfiguration;
			buildSettings = {
				ALWAYS_EMBED_SWIFT_STANDARD_LIBRARIES = YES;
				CODE_SIGN_STYLE = Automatic;
				INFOPLIST_FILE = TipsterUITests/Info.plist;
				LD_RUNPATH_SEARCH_PATHS = (
					"$(inherited)",
					"@executable_path/Frameworks",
					"@loader_path/Frameworks",
				);
				PRODUCT_BUNDLE_IDENTIFIER = codepath.TipsterUITests;
				PRODUCT_NAME = "$(TARGET_NAME)";
				SWIFT_VERSION = 4.2;
				TARGETED_DEVICE_FAMILY = "1,2";
				TEST_TARGET_NAME = Tipster;
			};
			name = Debug;
		};
		9E3E1D26220A677E003DBABC /* Release */ = {
			isa = XCBuildConfiguration;
			buildSettings = {
				ALWAYS_EMBED_SWIFT_STANDARD_LIBRARIES = YES;
				CODE_SIGN_STYLE = Automatic;
				INFOPLIST_FILE = TipsterUITests/Info.plist;
				LD_RUNPATH_SEARCH_PATHS = (
					"$(inherited)",
					"@executable_path/Frameworks",
					"@loader_path/Frameworks",
				);
				PRODUCT_BUNDLE_IDENTIFIER = codepath.TipsterUITests;
				PRODUCT_NAME = "$(TARGET_NAME)";
				SWIFT_VERSION = 4.2;
				TARGETED_DEVICE_FAMILY = "1,2";
				TEST_TARGET_NAME = Tipster;
			};
			name = Release;
		};
/* End XCBuildConfiguration section */

/* Begin XCConfigurationList section */
		9E3E1CF1220A677B003DBABC /* Build configuration list for PBXProject "Tipster" */ = {
			isa = XCConfigurationList;
			buildConfigurations = (
				9E3E1D1C220A677E003DBABC /* Debug */,
				9E3E1D1D220A677E003DBABC /* Release */,
			);
			defaultConfigurationIsVisible = 0;
			defaultConfigurationName = Release;
		};
		9E3E1D1E220A677E003DBABC /* Build configuration list for PBXNativeTarget "Tipster" */ = {
			isa = XCConfigurationList;
			buildConfigurations = (
				9E3E1D1F220A677E003DBABC /* Debug */,
				9E3E1D20220A677E003DBABC /* Release */,
			);
			defaultConfigurationIsVisible = 0;
			defaultConfigurationName = Release;
		};
		9E3E1D21220A677E003DBABC /* Build configuration list for PBXNativeTarget "TipsterTests" */ = {
			isa = XCConfigurationList;
			buildConfigurations = (
				9E3E1D22220A677E003DBABC /* Debug */,
				9E3E1D23220A677E003DBABC /* Release */,
			);
			defaultConfigurationIsVisible = 0;
			defaultConfigurationName = Release;
		};
		9E3E1D24220A677E003DBABC /* Build configuration list for PBXNativeTarget "TipsterUITests" */ = {
			isa = XCConfigurationList;
			buildConfigurations = (
				9E3E1D25220A677E003DBABC /* Debug */,
				9E3E1D26220A677E003DBABC /* Release */,
			);
			defaultConfigurationIsVisible = 0;
			defaultConfigurationName = Release;
		};
/* End XCConfigurationList section */
	};
	rootObject = 9E3E1CEE220A677B003DBABC /* Project object */;
}
